// !$*UTF8*$!
{
	archiveVersion = 1;
	classes = {
	};
	objectVersion = 46;
	objects = {

/* Begin PBXBuildFile section */
		0F728D291ED3FDF300D10210 /* main.m in Sources */ = {isa = PBXBuildFile; fileRef = 0F728D281ED3FDF300D10210 /* main.m */; };
		0F728D2C1ED3FDF300D10210 /* AppDelegate.m in Sources */ = {isa = PBXBuildFile; fileRef = 0F728D2B1ED3FDF300D10210 /* AppDelegate.m */; };
		0F728D2F1ED3FDF300D10210 /* ViewController.m in Sources */ = {isa = PBXBuildFile; fileRef = 0F728D2E1ED3FDF300D10210 /* ViewController.m */; };
		0F728D321ED3FDF300D10210 /* Main.storyboard in Resources */ = {isa = PBXBuildFile; fileRef = 0F728D301ED3FDF300D10210 /* Main.storyboard */; };
		0F728D341ED3FDF300D10210 /* Assets.xcassets in Resources */ = {isa = PBXBuildFile; fileRef = 0F728D331ED3FDF300D10210 /* Assets.xcassets */; };
		0F728D371ED3FDF300D10210 /* LaunchScreen.storyboard in Resources */ = {isa = PBXBuildFile; fileRef = 0F728D351ED3FDF300D10210 /* LaunchScreen.storyboard */; };
		0F728D401ED4017B00D10210 /* MyActionSheetView.m in Sources */ = {isa = PBXBuildFile; fileRef = 0F728D3F1ED4017B00D10210 /* MyActionSheetView.m */; };
		0F728D441ED4051500D10210 /* ActionSheetViewwCell.m in Sources */ = {isa = PBXBuildFile; fileRef = 0F728D421ED4051500D10210 /* ActionSheetViewwCell.m */; };
		0F728D451ED4051500D10210 /* ActionSheetViewwCell.xib in Resources */ = {isa = PBXBuildFile; fileRef = 0F728D431ED4051500D10210 /* ActionSheetViewwCell.xib */; };
/* End PBXBuildFile section */

/* Begin PBXFileReference section */
		0F728D241ED3FDF200D10210 /* MyActionSheetView.app */ = {isa = PBXFileReference; explicitFileType = wrapper.application; includeInIndex = 0; path = MyActionSheetView.app; sourceTree = BUILT_PRODUCTS_DIR; };
		0F728D281ED3FDF300D10210 /* main.m */ = {isa = PBXFileReference; lastKnownFileType = sourcecode.c.objc; path = main.m; sourceTree = "<group>"; };
		0F728D2A1ED3FDF300D10210 /* AppDelegate.h */ = {isa = PBXFileReference; lastKnownFileType = sourcecode.c.h; path = AppDelegate.h; sourceTree = "<group>"; };
		0F728D2B1ED3FDF300D10210 /* AppDelegate.m */ = {isa = PBXFileReference; lastKnownFileType = sourcecode.c.objc; path = AppDelegate.m; sourceTree = "<group>"; };
		0F728D2D1ED3FDF300D10210 /* ViewController.h */ = {isa = PBXFileReference; lastKnownFileType = sourcecode.c.h; path = ViewController.h; sourceTree = "<group>"; };
		0F728D2E1ED3FDF300D10210 /* ViewController.m */ = {isa = PBXFileReference; lastKnownFileType = sourcecode.c.objc; path = ViewController.m; sourceTree = "<group>"; };
		0F728D311ED3FDF300D10210 /* Base */ = {isa = PBXFileReference; lastKnownFileType = file.storyboard; name = Base; path = Base.lproj/Main.storyboard; sourceTree = "<group>"; };
		0F728D331ED3FDF300D10210 /* Assets.xcassets */ = {isa = PBXFileReference; lastKnownFileType = folder.assetcatalog; path = Assets.xcassets; sourceTree = "<group>"; };
		0F728D361ED3FDF300D10210 /* Base */ = {isa = PBXFileReference; lastKnownFileType = file.storyboard; name = Base; path = Base.lproj/LaunchScreen.storyboard; sourceTree = "<group>"; };
		0F728D381ED3FDF300D10210 /* Info.plist */ = {isa = PBXFileReference; lastKnownFileType = text.plist.xml; path = Info.plist; sourceTree = "<group>"; };
		0F728D3E1ED4017B00D10210 /* MyActionSheetView.h */ = {isa = PBXFileReference; fileEncoding = 4; lastKnownFileType = sourcecode.c.h; path = MyActionSheetView.h; sourceTree = "<group>"; };
		0F728D3F1ED4017B00D10210 /* MyActionSheetView.m */ = {isa = PBXFileReference; fileEncoding = 4; lastKnownFileType = sourcecode.c.objc; path = MyActionSheetView.m; sourceTree = "<group>"; };
		0F728D411ED4051500D10210 /* ActionSheetViewwCell.h */ = {isa = PBXFileReference; fileEncoding = 4; lastKnownFileType = sourcecode.c.h; path = ActionSheetViewwCell.h; sourceTree = "<group>"; };
		0F728D421ED4051500D10210 /* ActionSheetViewwCell.m */ = {isa = PBXFileReference; fileEncoding = 4; lastKnownFileType = sourcecode.c.objc; path = ActionSheetViewwCell.m; sourceTree = "<group>"; };
		0F728D431ED4051500D10210 /* ActionSheetViewwCell.xib */ = {isa = PBXFileReference; fileEncoding = 4; lastKnownFileType = file.xib; path = ActionSheetViewwCell.xib; sourceTree = "<group>"; };
/* End PBXFileReference section */

/* Begin PBXFrameworksBuildPhase section */
		0F728D211ED3FDF200D10210 /* Frameworks */ = {
			isa = PBXFrameworksBuildPhase;
			buildActionMask = 2147483647;
			files = (
			);
			runOnlyForDeploymentPostprocessing = 0;
		};
/* End PBXFrameworksBuildPhase section */

/* Begin PBXGroup section */
		0F728D1B1ED3FDF200D10210 = {
			isa = PBXGroup;
			children = (
				0F728D261ED3FDF200D10210 /* MyActionSheetView */,
				0F728D251ED3FDF200D10210 /* Products */,
			);
			sourceTree = "<group>";
		};
		0F728D251ED3FDF200D10210 /* Products */ = {
			isa = PBXGroup;
			children = (
				0F728D241ED3FDF200D10210 /* MyActionSheetView.app */,
			);
			name = Products;
			sourceTree = "<group>";
		};
		0F728D261ED3FDF200D10210 /* MyActionSheetView */ = {
			isa = PBXGroup;
			children = (
				0F728D2A1ED3FDF300D10210 /* AppDelegate.h */,
				0F728D2B1ED3FDF300D10210 /* AppDelegate.m */,
				0F728D3E1ED4017B00D10210 /* MyActionSheetView.h */,
				0F728D3F1ED4017B00D10210 /* MyActionSheetView.m */,
				0F728D411ED4051500D10210 /* ActionSheetViewwCell.h */,
				0F728D421ED4051500D10210 /* ActionSheetViewwCell.m */,
				0F728D431ED4051500D10210 /* ActionSheetViewwCell.xib */,
				0F728D2D1ED3FDF300D10210 /* ViewController.h */,
				0F728D2E1ED3FDF300D10210 /* ViewController.m */,
				0F728D301ED3FDF300D10210 /* Main.storyboard */,
				0F728D331ED3FDF300D10210 /* Assets.xcassets */,
				0F728D351ED3FDF300D10210 /* LaunchScreen.storyboard */,
				0F728D381ED3FDF300D10210 /* Info.plist */,
				0F728D271ED3FDF200D10210 /* Supporting Files */,
			);
			path = MyActionSheetView;
			sourceTree = "<group>";
		};
		0F728D271ED3FDF200D10210 /* Supporting Files */ = {
			isa = PBXGroup;
			children = (
				0F728D281ED3FDF300D10210 /* main.m */,
			);
			name = "Supporting Files";
			sourceTree = "<group>";
		};
/* End PBXGroup section */

/* Begin PBXNativeTarget section */
		0F728D231ED3FDF200D10210 /* MyActionSheetView */ = {
			isa = PBXNativeTarget;
			buildConfigurationList = 0F728D3B1ED3FDF300D10210 /* Build configuration list for PBXNativeTarget "MyActionSheetView" */;
			buildPhases = (
				0F728D201ED3FDF200D10210 /* Sources */,
				0F728D211ED3FDF200D10210 /* Frameworks */,
				0F728D221ED3FDF200D10210 /* Resources */,
			);
			buildRules = (
			);
			dependencies = (
			);
			name = MyActionSheetView;
			productName = MyActionSheetView;
			productReference = 0F728D241ED3FDF200D10210 /* MyActionSheetView.app */;
			productType = "com.apple.product-type.application";
		};
/* End PBXNativeTarget section */

/* Begin PBXProject section */
		0F728D1C1ED3FDF200D10210 /* Project object */ = {
			isa = PBXProject;
			attributes = {
				LastUpgradeCheck = 0830;
				ORGANIZATIONNAME = my;
				TargetAttributes = {
					0F728D231ED3FDF200D10210 = {
						CreatedOnToolsVersion = 8.3.2;
						DevelopmentTeam = CG4F88GY6X;
						ProvisioningStyle = Automatic;
					};
				};
			};
			buildConfigurationList = 0F728D1F1ED3FDF200D10210 /* Build configuration list for PBXProject "MyActionSheetView" */;
			compatibilityVersion = "Xcode 3.2";
			developmentRegion = English;
			hasScannedForEncodings = 0;
			knownRegions = (
				en,
				Base,
			);
			mainGroup = 0F728D1B1ED3FDF200D10210;
			productRefGroup = 0F728D251ED3FDF200D10210 /* Products */;
			projectDirPath = "";
			projectRoot = "";
			targets = (
				0F728D231ED3FDF200D10210 /* MyActionSheetView */,
			);
		};
/* End PBXProject section */

/* Begin PBXResourcesBuildPhase section */
		0F728D221ED3FDF200D10210 /* Resources */ = {
			isa = PBXResourcesBuildPhase;
			buildActionMask = 2147483647;
			files = (
				0F728D371ED3FDF300D10210 /* LaunchScreen.storyboard in Resources */,
				0F728D341ED3FDF300D10210 /* Assets.xcassets in Resources */,
				0F728D451ED4051500D10210 /* ActionSheetViewwCell.xib in Resources */,
				0F728D321ED3FDF300D10210 /* Main.storyboard in Resources */,
			);
			runOnlyForDeploymentPostprocessing = 0;
		};
/* End PBXResourcesBuildPhase section */

/* Begin PBXSourcesBuildPhase section */
		0F728D201ED3FDF200D10210 /* Sources */ = {
			isa = PBXSourcesBuildPhase;
			buildActionMask = 2147483647;
			files = (
				0F728D2F1ED3FDF300D10210 /* ViewController.m in Sources */,
				0F728D2C1ED3FDF300D10210 /* AppDelegate.m in Sources */,
				0F728D401ED4017B00D10210 /* MyActionSheetView.m in Sources */,
				0F728D441ED4051500D10210 /* ActionSheetViewwCell.m in Sources */,
				0F728D291ED3FDF300D10210 /* main.m in Sources */,
			);
			runOnlyForDeploymentPostprocessing = 0;
		};
/* End PBXSourcesBuildPhase section */

/* Begin PBXVariantGroup section */
		0F728D301ED3FDF300D10210 /* Main.storyboard */ = {
			isa = PBXVariantGroup;
			children = (
				0F728D311ED3FDF300D10210 /* Base */,
			);
			name = Main.storyboard;
			sourceTree = "<group>";
		};
		0F728D351ED3FDF300D10210 /* LaunchScreen.storyboard */ = {
			isa = PBXVariantGroup;
			children = (
				0F728D361ED3FDF300D10210 /* Base */,
			);
			name = LaunchScreen.storyboard;
			sourceTree = "<group>";
		};
/* End PBXVariantGroup section */

/* Begin XCBuildConfiguration section */
		0F728D391ED3FDF300D10210 /* Debug */ = {
			isa = XCBuildConfiguration;
			buildSettings = {
				ALWAYS_SEARCH_USER_PATHS = NO;
				CLANG_ANALYZER_NONNULL = YES;
				CLANG_ANALYZER_NUMBER_OBJECT_CONVERSION = YES_AGGRESSIVE;
				CLANG_CXX_LANGUAGE_STANDARD = "gnu++0x";
				CLANG_CXX_LIBRARY = "libc++";
				CLANG_ENABLE_MODULES = YES;
				CLANG_ENABLE_OBJC_ARC = YES;
				CLANG_WARN_BOOL_CONVERSION = YES;
				CLANG_WARN_CONSTANT_CONVERSION = YES;
				CLANG_WARN_DIRECT_OBJC_ISA_USAGE = YES_ERROR;
				CLANG_WARN_DOCUMENTATION_COMMENTS = YES;
				CLANG_WARN_EMPTY_BODY = YES;
				CLANG_WARN_ENUM_CONVERSION = YES;
				CLANG_WARN_INFINITE_RECURSION = YES;
				CLANG_WARN_INT_CONVERSION = YES;
				CLANG_WARN_OBJC_ROOT_CLASS = YES_ERROR;
				CLANG_WARN_SUSPICIOUS_MOVE = YES;
				CLANG_WARN_UNREACHABLE_CODE = YES;
				CLANG_WARN__DUPLICATE_METHOD_MATCH = YES;
				"CODE_SIGN_IDENTITY[sdk=iphoneos*]" = "iPhone Developer";
				COPY_PHASE_STRIP = NO;
				DEBUG_INFORMATION_FORMAT = dwarf;
				ENABLE_STRICT_OBJC_MSGSEND = YES;
				ENABLE_TESTABILITY = YES;
				GCC_C_LANGUAGE_STANDARD = gnu99;
				GCC_DYNAMIC_NO_PIC = NO;
				GCC_NO_COMMON_BLOCKS = YES;
				GCC_OPTIMIZATION_LEVEL = 0;
				GCC_PREPROCESSOR_DEFINITIONS = (
					"DEBUG=1",
					"$(inherited)",
				);
				GCC_WARN_64_TO_32_BIT_CONVERSION = YES;
				GCC_WARN_ABOUT_RETURN_TYPE = YES_ERROR;
				GCC_WARN_UNDECLARED_SELECTOR = YES;
				GCC_WARN_UNINITIALIZED_AUTOS = YES_AGGRESSIVE;
				GCC_WARN_UNUSED_FUNCTION = YES;
				GCC_WARN_UNUSED_VARIABLE = YES;
				IPHONEOS_DEPLOYMENT_TARGET = 10.3;
				MTL_ENABLE_DEBUG_INFO = YES;
				ONLY_ACTIVE_ARCH = YES;
				SDKROOT = iphoneos;
				TARGETED_DEVICE_FAMILY = "1,2";
			};
			name = Debug;
		};
		0F728D3A1ED3FDF300D10210 /* Release */ = {
			isa = XCBuildConfiguration;
			buildSettings = {
				ALWAYS_SEARCH_USER_PATHS = NO;
				CLANG_ANALYZER_NONNULL = YES;
				CLANG_ANALYZER_NUMBER_OBJECT_CONVERSION = YES_AGGRESSIVE;
				CLANG_CXX_LANGUAGE_STANDARD = "gnu++0x";
				CLANG_CXX_LIBRARY = "libc++";
				CLANG_ENABLE_MODULES = YES;
				CLANG_ENABLE_OBJC_ARC = YES;
				CLANG_WARN_BOOL_CONVERSION = YES;
				CLANG_WARN_CONSTANT_CONVERSION = YES;
				CLANG_WARN_DIRECT_OBJC_ISA_USAGE = YES_ERROR;
				CLANG_WARN_DOCUMENTATION_COMMENTS = YES;
				CLANG_WARN_EMPTY_BODY = YES;
				CLANG_WARN_ENUM_CONVERSION = YES;
				CLANG_WARN_INFINITE_RECURSION = YES;
				CLANG_WARN_INT_CONVERSION = YES;
				CLANG_WARN_OBJC_ROOT_CLASS = YES_ERROR;
				CLANG_WARN_SUSPICIOUS_MOVE = YES;
				CLANG_WARN_UNREACHABLE_CODE = YES;
				CLANG_WARN__DUPLICATE_METHOD_MATCH = YES;
				"CODE_SIGN_IDENTITY[sdk=iphoneos*]" = "iPhone Developer";
				COPY_PHASE_STRIP = NO;
				DEBUG_INFORMATION_FORMAT = "dwarf-with-dsym";
				ENABLE_NS_ASSERTIONS = NO;
				ENABLE_STRICT_OBJC_MSGSEND = YES;
				GCC_C_LANGUAGE_STANDARD = gnu99;
				GCC_NO_COMMON_BLOCKS = YES;
				GCC_WARN_64_TO_32_BIT_CONVERSION = YES;
				GCC_WARN_ABOUT_RETURN_TYPE = YES_ERROR;
				GCC_WARN_UNDECLARED_SELECTOR = YES;
				GCC_WARN_UNINITIALIZED_AUTOS = YES_AGGRESSIVE;
				GCC_WARN_UNUSED_FUNCTION = YES;
				GCC_WARN_UNUSED_VARIABLE = YES;
				IPHONEOS_DEPLOYMENT_TARGET = 10.3;
				MTL_ENABLE_DEBUG_INFO = NO;
				SDKROOT = iphoneos;
				TARGETED_DEVICE_FAMILY = "1,2";
				VALIDATE_PRODUCT = YES;
			};
			name = Release;
		};
		0F728D3C1ED3FDF300D10210 /* Debug */ = {
			isa = XCBuildConfiguration;
			buildSettings = {
				ASSETCATALOG_COMPILER_APPICON_NAME = AppIcon;
				DEVELOPMENT_TEAM = CG4F88GY6X;
				INFOPLIST_FILE = MyActionSheetView/Info.plist;
				LD_RUNPATH_SEARCH_PATHS = "$(inherited) @executable_path/Frameworks";
				PRODUCT_BUNDLE_IDENTIFIER = com.my..MyActionSheetView;
				PRODUCT_NAME = "$(TARGET_NAME)";
			};
			name = Debug;
		};
		0F728D3D1ED3FDF300D10210 /* Release */ = {
			isa = XCBuildConfiguration;
			buildSettings = {
				ASSETCATALOG_COMPILER_APPICON_NAME = AppIcon;
				DEVELOPMENT_TEAM = CG4F88GY6X;
				INFOPLIST_FILE = MyActionSheetView/Info.plist;
				LD_RUNPATH_SEARCH_PATHS = "$(inherited) @executable_path/Frameworks";
				PRODUCT_BUNDLE_IDENTIFIER = com.my..MyActionSheetView;
				PRODUCT_NAME = "$(TARGET_NAME)";
			};
			name = Release;
		};
/* End XCBuildConfiguration section */

/* Begin XCConfigurationList section */
		0F728D1F1ED3FDF200D10210 /* Build configuration list for PBXProject "MyActionSheetView" */ = {
			isa = XCConfigurationList;
			buildConfigurations = (
				0F728D391ED3FDF300D10210 /* Debug */,
				0F728D3A1ED3FDF300D10210 /* Release */,
			);
			defaultConfigurationIsVisible = 0;
			defaultConfigurationName = Release;
		};
		0F728D3B1ED3FDF300D10210 /* Build configuration list for PBXNativeTarget "MyActionSheetView" */ = {
			isa = XCConfigurationList;
			buildConfigurations = (
				0F728D3C1ED3FDF300D10210 /* Debug */,
				0F728D3D1ED3FDF300D10210 /* Release */,
			);
			defaultConfigurationIsVisible = 0;
		};
/* End XCConfigurationList section */
	};
	rootObject = 0F728D1C1ED3FDF200D10210 /* Project object */;
}
